
Microsoft Visual Studio Solution File, Format Version 12.00
# Visual Studio Version 18
VisualStudioVersion = 18.3.11206.111 d18.3
MinimumVisualStudioVersion = 10.0.40219.1
Project("{2150E333-8FDC-42A3-9474-1A3956D46DE8}") = "Services", "Services", "{AC41AEDE-A1EB-4F49-A5B7-A4906D452DB5}"
EndProject
Project("{2150E333-8FDC-42A3-9474-1A3956D46DE8}") = "Shared", "Shared", "{E3EF6E41-818C-44FA-9888-DEE0EE20340A}"
EndProject
Project("{9A19103F-16F7-4668-BE54-9A1E7A4F7556}") = "Common.HttpClients", "src\Shared\Common.HttpClients\Common.HttpClients.csproj", "{98C420AF-0007-4C8C-8ED5-50CD5E4A6851}"
EndProject
Project("{9A19103F-16F7-4668-BE54-9A1E7A4F7556}") = "Azrng.AspNetCore.Authentication.JwtBearer", "src\Shared\Azrng.AspNetCore.Authentication.JwtBearer\Azrng.AspNetCore.Authentication.JwtBearer.csproj", "{C32A9CCE-6077-4D8E-AB36-091F79438EBA}"
EndProject
Project("{2150E333-8FDC-42A3-9474-1A3956D46DE8}") = "Test", "Test", "{860B46E3-19D4-4B4A-8521-9F5DEA0CB654}"
EndProject
Project("{2150E333-8FDC-42A3-9474-1A3956D46DE8}") = "Http", "Http", "{FF31CA5E-9E2F-4245-B25D-0DB02A06D92A}"
EndProject
Project("{2150E333-8FDC-42A3-9474-1A3956D46DE8}") = "Helper", "Helper", "{3851119E-10E7-4EDC-A569-0AEDF8CA98EC}"
EndProject
Project("{9A19103F-16F7-4668-BE54-9A1E7A4F7556}") = "Azrng.SettingConfig", "src\Shared\Azrng.SettingConfig\Azrng.SettingConfig.csproj", "{A0B958F8-9FF6-47E2-9CF2-ACE947B604E0}"
EndProject
Project("{9A19103F-16F7-4668-BE54-9A1E7A4F7556}") = "Common.Core.Test", "test\Common.Core.Test\Common.Core.Test.csproj", "{F49DC1D3-3452-4DD6-BA19-A7E81E531B3E}"
EndProject
Project("{9A19103F-16F7-4668-BE54-9A1E7A4F7556}") = "APIStudy.Test", "test\APIStudy.Test\APIStudy.Test.csproj", "{CFBD56A0-9F5D-4B7D-B10D-179250773857}"
EndProject
Project("{9A19103F-16F7-4668-BE54-9A1E7A4F7556}") = "Azrng.SqlMigration", "src\Shared\Azrng.SqlMigration\Azrng.SqlMigration.csproj", "{C748539A-DF84-482D-A9B5-69F49E261CF4}"
EndProject
Project("{2150E333-8FDC-42A3-9474-1A3956D46DE8}") = "Solution Items", "Solution Items", "{7332651E-B995-43F6-A7CC-96A2F4CAE30A}"
	ProjectSection(SolutionItems) = preProject
		.editorconfig = .editorconfig
		.gitignore = .gitignore
		README.md = README.md
	EndProjectSection
EndProject
Project("{2150E333-8FDC-42A3-9474-1A3956D46DE8}") = "Authentication", "Authentication", "{247274D5-9CA5-45D2-8572-25E8481BCE27}"
EndProject
Project("{9A19103F-16F7-4668-BE54-9A1E7A4F7556}") = "Azrng.AspNetCore.Authentication.Basic", "src\Shared\Azrng.AspNetCore.Authentication.Basic\Azrng.AspNetCore.Authentication.Basic.csproj", "{0E3E0544-FCC0-403F-9776-D4E5C61DB159}"
EndProject
Project("{FAE04EC0-301F-11D3-BF4B-00C04F79EFBC}") = "AuthenticationApiSample", "src\Services\AuthenticationApiSample\AuthenticationApiSample.csproj", "{07914F09-04E2-4D9E-BCAD-DD8DBD1964B5}"
EndProject
Project("{FAE04EC0-301F-11D3-BF4B-00C04F79EFBC}") = "Azrng.Swashbuckle", "src\Shared\Azrng.Swashbuckle\Azrng.Swashbuckle.csproj", "{9DD2073D-5D2F-4574-BC5C-F25F87F3D226}"
EndProject
Project("{FAE04EC0-301F-11D3-BF4B-00C04F79EFBC}") = "Azrng.AspNetCore.Authorization.Default", "src\Shared\Azrng.AspNetCore.Authorization.Default\Azrng.AspNetCore.Authorization.Default.csproj", "{943825AB-14F8-47E9-B6F5-BF7B95A8DE3F}"
EndProject
Project("{2150E333-8FDC-42A3-9474-1A3956D46DE8}") = "AspNetCore", "AspNetCore", "{931E9786-7DF0-470B-9EE2-C5C277EE4DB0}"
EndProject
Project("{FAE04EC0-301F-11D3-BF4B-00C04F79EFBC}") = "WebDbSqlMigrationSample", "src\Services\WebDbSqlMigrationSample\WebDbSqlMigrationSample.csproj", "{C7BAD32F-2E2C-45FD-8C77-74C7694B430E}"
EndProject
Project("{FAE04EC0-301F-11D3-BF4B-00C04F79EFBC}") = "ApiSettingConfig", "src\Services\ApiSettingConfig\ApiSettingConfig.csproj", "{83BF447F-3676-48D4-8860-AFDDCAE63D59}"
EndProject
Project("{2150E333-8FDC-42A3-9474-1A3956D46DE8}") = "SettingConfig", "SettingConfig", "{30DD7738-9160-4BBF-BFE4-483AD76AA565}"
EndProject
Project("{FAE04EC0-301F-11D3-BF4B-00C04F79EFBC}") = "Azrng.SettingConfig.BasicAuthorization", "src\Shared\Azrng.SettingConfig.BasicAuthorization\Azrng.SettingConfig.BasicAuthorization.csproj", "{E57F17F0-9E63-4B59-89BD-93FF2BE82E19}"
EndProject
Project("{2150E333-8FDC-42A3-9474-1A3956D46DE8}") = "InjectSample", "InjectSample", "{C532E637-6762-47CE-9904-3A14968C842D}"
EndProject
Project("{FAE04EC0-301F-11D3-BF4B-00C04F79EFBC}") = "InjectSampleApi", "src\Services\InjectSampleApi\InjectSampleApi.csproj", "{4E7B4839-B04A-4924-A445-A1133C13D8E1}"
EndProject
Project("{FAE04EC0-301F-11D3-BF4B-00C04F79EFBC}") = "InjectSample.Application", "src\Services\InjectSample.Application\InjectSample.Application.csproj", "{EE649B0E-73FF-4303-8370-89DE2E9463FB}"
EndProject
Project("{FAE04EC0-301F-11D3-BF4B-00C04F79EFBC}") = "APIStudy", "src\Services\APIStudy\APIStudy.csproj", "{173919C3-E328-4392-AD6F-2BC12A3CBB14}"
EndProject
Project("{FAE04EC0-301F-11D3-BF4B-00C04F79EFBC}") = "Azrng.Core.NewtonsoftJson", "src\Shared\Azrng.Core.NewtonsoftJson\Azrng.Core.NewtonsoftJson.csproj", "{878441E3-0A98-42E1-B7E2-F79E28239B54}"
EndProject
Project("{FAE04EC0-301F-11D3-BF4B-00C04F79EFBC}") = "Azrng.DistributeLock.InMemory", "src\Shared\Azrng.DistributeLock.InMemory\Azrng.DistributeLock.InMemory.csproj", "{9C508B03-A5CF-4BD8-9685-839BA7A31031}"
EndProject
Project("{FAE04EC0-301F-11D3-BF4B-00C04F79EFBC}") = "Azrng.DistributeLock.Core", "src\Shared\Azrng.DistributeLock.Core\Azrng.DistributeLock.Core.csproj", "{E31802CB-9F5B-4F43-8394-E33F6CF23411}"
EndProject
Project("{FAE04EC0-301F-11D3-BF4B-00C04F79EFBC}") = "Azrng.DistributeLock.Redis", "src\Shared\Azrng.DistributeLock.Redis\Azrng.DistributeLock.Redis.csproj", "{6A4A989B-EE86-46A1-B90F-161FF95C6DE8}"
EndProject
Project("{2150E333-8FDC-42A3-9474-1A3956D46DE8}") = "DistributeLock", "DistributeLock", "{62EB2FB7-A6FA-45CD-BF82-6AC51686C04D}"
EndProject
Project("{FAE04EC0-301F-11D3-BF4B-00C04F79EFBC}") = "QuartzApi", "src\Services\QuartzApi\QuartzApi.csproj", "{906A9ECC-D72D-49CF-9B0C-A8BC90F307FE}"
EndProject
Project("{FAE04EC0-301F-11D3-BF4B-00C04F79EFBC}") = "Azrng.Core.Json", "src\Shared\Azrng.Core.Json\Azrng.Core.Json.csproj", "{F51EBBEE-88F8-4B89-A5A9-0D6161771A9F}"
EndProject
Project("{FAE04EC0-301F-11D3-BF4B-00C04F79EFBC}") = "Common.HttpClients.Test", "test\Common.HttpClients.Test\Common.HttpClients.Test.csproj", "{D61E9F03-EFD3-433A-8148-8D1E4A70E606}"
EndProject
Project("{FAE04EC0-301F-11D3-BF4B-00C04F79EFBC}") = "Azrng.AspNetCore.Inject", "src\Shared\Azrng.AspNetCore.Inject\Azrng.AspNetCore.Inject.csproj", "{9055317C-259A-4944-A5AC-008AB0BB3C20}"
EndProject
Project("{FAE04EC0-301F-11D3-BF4B-00C04F79EFBC}") = "Azrng.ConsoleApp.DependencyInjection", "src\Shared\Azrng.ConsoleApp.DependencyInjection\Azrng.ConsoleApp.DependencyInjection.csproj", "{0CDA8263-01BE-4FD5-B8CD-E141BF1E7BA2}"
EndProject
Project("{FAE04EC0-301F-11D3-BF4B-00C04F79EFBC}") = "Azrng.Core", "src\Shared\Azrng.Core\Azrng.Core.csproj", "{FDCD1E69-0DCC-4E63-90E1-08F7FEFD488D}"
EndProject
Project("{FAE04EC0-301F-11D3-BF4B-00C04F79EFBC}") = "Azrng.AspNetCore.Core", "src\Shared\Azrng.AspNetCore.Core\Azrng.AspNetCore.Core.csproj", "{17CC14F4-0AF7-4DEA-8A59-A75A105C60BA}"
EndProject
Project("{FAE04EC0-301F-11D3-BF4B-00C04F79EFBC}") = "Azrng.Core.NewtonsoftJson.Test", "test\Azrng.Core.NewtonsoftJson.Test\Azrng.Core.NewtonsoftJson.Test.csproj", "{A5A7FA9C-EB78-4E75-AB08-D8283F416474}"
EndProject
Project("{FAE04EC0-301F-11D3-BF4B-00C04F79EFBC}") = "Azrng.Core.DefaultJson.Test", "test\Azrng.Core.DefaultJson.Test\Azrng.Core.DefaultJson.Test.csproj", "{AA21BC50-ACDA-4D19-A136-201F69FCAF0E}"
EndProject
Global
	GlobalSection(SolutionConfigurationPlatforms) = preSolution
		Debug|Any CPU = Debug|Any CPU
		Release|Any CPU = Release|Any CPU
	EndGlobalSection
	GlobalSection(ProjectConfigurationPlatforms) = postSolution
		{98C420AF-0007-4C8C-8ED5-50CD5E4A6851}.Debug|Any CPU.ActiveCfg = Debug|Any CPU
		{98C420AF-0007-4C8C-8ED5-50CD5E4A6851}.Debug|Any CPU.Build.0 = Debug|Any CPU
		{98C420AF-0007-4C8C-8ED5-50CD5E4A6851}.Release|Any CPU.ActiveCfg = Release|Any CPU
		{98C420AF-0007-4C8C-8ED5-50CD5E4A6851}.Release|Any CPU.Build.0 = Release|Any CPU
		{C32A9CCE-6077-4D8E-AB36-091F79438EBA}.Debug|Any CPU.ActiveCfg = Debug|Any CPU
		{C32A9CCE-6077-4D8E-AB36-091F79438EBA}.Debug|Any CPU.Build.0 = Debug|Any CPU
		{C32A9CCE-6077-4D8E-AB36-091F79438EBA}.Release|Any CPU.ActiveCfg = Release|Any CPU
		{C32A9CCE-6077-4D8E-AB36-091F79438EBA}.Release|Any CPU.Build.0 = Release|Any CPU
		{A0B958F8-9FF6-47E2-9CF2-ACE947B604E0}.Debug|Any CPU.ActiveCfg = Debug|Any CPU
		{A0B958F8-9FF6-47E2-9CF2-ACE947B604E0}.Debug|Any CPU.Build.0 = Debug|Any CPU
		{A0B958F8-9FF6-47E2-9CF2-ACE947B604E0}.Release|Any CPU.ActiveCfg = Release|Any CPU
		{A0B958F8-9FF6-47E2-9CF2-ACE947B604E0}.Release|Any CPU.Build.0 = Release|Any CPU
		{F49DC1D3-3452-4DD6-BA19-A7E81E531B3E}.Debug|Any CPU.ActiveCfg = Debug|Any CPU
		{F49DC1D3-3452-4DD6-BA19-A7E81E531B3E}.Debug|Any CPU.Build.0 = Debug|Any CPU
		{F49DC1D3-3452-4DD6-BA19-A7E81E531B3E}.Release|Any CPU.ActiveCfg = Release|Any CPU
		{F49DC1D3-3452-4DD6-BA19-A7E81E531B3E}.Release|Any CPU.Build.0 = Release|Any CPU
		{CFBD56A0-9F5D-4B7D-B10D-179250773857}.Debug|Any CPU.ActiveCfg = Debug|Any CPU
		{CFBD56A0-9F5D-4B7D-B10D-179250773857}.Debug|Any CPU.Build.0 = Debug|Any CPU
		{CFBD56A0-9F5D-4B7D-B10D-179250773857}.Release|Any CPU.ActiveCfg = Release|Any CPU
		{CFBD56A0-9F5D-4B7D-B10D-179250773857}.Release|Any CPU.Build.0 = Release|Any CPU
		{C748539A-DF84-482D-A9B5-69F49E261CF4}.Debug|Any CPU.ActiveCfg = Debug|Any CPU
		{C748539A-DF84-482D-A9B5-69F49E261CF4}.Debug|Any CPU.Build.0 = Debug|Any CPU
		{C748539A-DF84-482D-A9B5-69F49E261CF4}.Release|Any CPU.ActiveCfg = Release|Any CPU
		{C748539A-DF84-482D-A9B5-69F49E261CF4}.Release|Any CPU.Build.0 = Release|Any CPU
		{0E3E0544-FCC0-403F-9776-D4E5C61DB159}.Debug|Any CPU.ActiveCfg = Debug|Any CPU
		{0E3E0544-FCC0-403F-9776-D4E5C61DB159}.Debug|Any CPU.Build.0 = Debug|Any CPU
		{0E3E0544-FCC0-403F-9776-D4E5C61DB159}.Release|Any CPU.ActiveCfg = Release|Any CPU
		{0E3E0544-FCC0-403F-9776-D4E5C61DB159}.Release|Any CPU.Build.0 = Release|Any CPU
		{07914F09-04E2-4D9E-BCAD-DD8DBD1964B5}.Debug|Any CPU.ActiveCfg = Debug|Any CPU
		{07914F09-04E2-4D9E-BCAD-DD8DBD1964B5}.Debug|Any CPU.Build.0 = Debug|Any CPU
		{07914F09-04E2-4D9E-BCAD-DD8DBD1964B5}.Release|Any CPU.ActiveCfg = Release|Any CPU
		{07914F09-04E2-4D9E-BCAD-DD8DBD1964B5}.Release|Any CPU.Build.0 = Release|Any CPU
		{9DD2073D-5D2F-4574-BC5C-F25F87F3D226}.Debug|Any CPU.ActiveCfg = Debug|Any CPU
		{9DD2073D-5D2F-4574-BC5C-F25F87F3D226}.Debug|Any CPU.Build.0 = Debug|Any CPU
		{9DD2073D-5D2F-4574-BC5C-F25F87F3D226}.Release|Any CPU.ActiveCfg = Release|Any CPU
		{9DD2073D-5D2F-4574-BC5C-F25F87F3D226}.Release|Any CPU.Build.0 = Release|Any CPU
		{943825AB-14F8-47E9-B6F5-BF7B95A8DE3F}.Debug|Any CPU.ActiveCfg = Debug|Any CPU
		{943825AB-14F8-47E9-B6F5-BF7B95A8DE3F}.Debug|Any CPU.Build.0 = Debug|Any CPU
		{943825AB-14F8-47E9-B6F5-BF7B95A8DE3F}.Release|Any CPU.ActiveCfg = Release|Any CPU
		{943825AB-14F8-47E9-B6F5-BF7B95A8DE3F}.Release|Any CPU.Build.0 = Release|Any CPU
		{C7BAD32F-2E2C-45FD-8C77-74C7694B430E}.Debug|Any CPU.ActiveCfg = Debug|Any CPU
		{C7BAD32F-2E2C-45FD-8C77-74C7694B430E}.Debug|Any CPU.Build.0 = Debug|Any CPU
		{C7BAD32F-2E2C-45FD-8C77-74C7694B430E}.Release|Any CPU.ActiveCfg = Release|Any CPU
		{C7BAD32F-2E2C-45FD-8C77-74C7694B430E}.Release|Any CPU.Build.0 = Release|Any CPU
		{83BF447F-3676-48D4-8860-AFDDCAE63D59}.Debug|Any CPU.ActiveCfg = Debug|Any CPU
		{83BF447F-3676-48D4-8860-AFDDCAE63D59}.Debug|Any CPU.Build.0 = Debug|Any CPU
		{83BF447F-3676-48D4-8860-AFDDCAE63D59}.Release|Any CPU.ActiveCfg = Release|Any CPU
		{83BF447F-3676-48D4-8860-AFDDCAE63D59}.Release|Any CPU.Build.0 = Release|Any CPU
		{E57F17F0-9E63-4B59-89BD-93FF2BE82E19}.Debug|Any CPU.ActiveCfg = Debug|Any CPU
		{E57F17F0-9E63-4B59-89BD-93FF2BE82E19}.Debug|Any CPU.Build.0 = Debug|Any CPU
		{E57F17F0-9E63-4B59-89BD-93FF2BE82E19}.Release|Any CPU.ActiveCfg = Release|Any CPU
		{E57F17F0-9E63-4B59-89BD-93FF2BE82E19}.Release|Any CPU.Build.0 = Release|Any CPU
		{4E7B4839-B04A-4924-A445-A1133C13D8E1}.Debug|Any CPU.ActiveCfg = Debug|Any CPU
		{4E7B4839-B04A-4924-A445-A1133C13D8E1}.Debug|Any CPU.Build.0 = Debug|Any CPU
		{4E7B4839-B04A-4924-A445-A1133C13D8E1}.Release|Any CPU.ActiveCfg = Release|Any CPU
		{4E7B4839-B04A-4924-A445-A1133C13D8E1}.Release|Any CPU.Build.0 = Release|Any CPU
		{EE649B0E-73FF-4303-8370-89DE2E9463FB}.Debug|Any CPU.ActiveCfg = Debug|Any CPU
		{EE649B0E-73FF-4303-8370-89DE2E9463FB}.Debug|Any CPU.Build.0 = Debug|Any CPU
		{EE649B0E-73FF-4303-8370-89DE2E9463FB}.Release|Any CPU.ActiveCfg = Release|Any CPU
		{EE649B0E-73FF-4303-8370-89DE2E9463FB}.Release|Any CPU.Build.0 = Release|Any CPU
		{173919C3-E328-4392-AD6F-2BC12A3CBB14}.Debug|Any CPU.ActiveCfg = Debug|Any CPU
		{173919C3-E328-4392-AD6F-2BC12A3CBB14}.Debug|Any CPU.Build.0 = Debug|Any CPU
		{173919C3-E328-4392-AD6F-2BC12A3CBB14}.Release|Any CPU.ActiveCfg = Release|Any CPU
		{173919C3-E328-4392-AD6F-2BC12A3CBB14}.Release|Any CPU.Build.0 = Release|Any CPU
		{878441E3-0A98-42E1-B7E2-F79E28239B54}.Debug|Any CPU.ActiveCfg = Debug|Any CPU
		{878441E3-0A98-42E1-B7E2-F79E28239B54}.Debug|Any CPU.Build.0 = Debug|Any CPU
		{878441E3-0A98-42E1-B7E2-F79E28239B54}.Release|Any CPU.ActiveCfg = Release|Any CPU
		{878441E3-0A98-42E1-B7E2-F79E28239B54}.Release|Any CPU.Build.0 = Release|Any CPU
		{9C508B03-A5CF-4BD8-9685-839BA7A31031}.Debug|Any CPU.ActiveCfg = Debug|Any CPU
		{9C508B03-A5CF-4BD8-9685-839BA7A31031}.Debug|Any CPU.Build.0 = Debug|Any CPU
		{9C508B03-A5CF-4BD8-9685-839BA7A31031}.Release|Any CPU.ActiveCfg = Release|Any CPU
		{9C508B03-A5CF-4BD8-9685-839BA7A31031}.Release|Any CPU.Build.0 = Release|Any CPU
		{E31802CB-9F5B-4F43-8394-E33F6CF23411}.Debug|Any CPU.ActiveCfg = Debug|Any CPU
		{E31802CB-9F5B-4F43-8394-E33F6CF23411}.Debug|Any CPU.Build.0 = Debug|Any CPU
		{E31802CB-9F5B-4F43-8394-E33F6CF23411}.Release|Any CPU.ActiveCfg = Release|Any CPU
		{E31802CB-9F5B-4F43-8394-E33F6CF23411}.Release|Any CPU.Build.0 = Release|Any CPU
		{6A4A989B-EE86-46A1-B90F-161FF95C6DE8}.Debug|Any CPU.ActiveCfg = Debug|Any CPU
		{6A4A989B-EE86-46A1-B90F-161FF95C6DE8}.Debug|Any CPU.Build.0 = Debug|Any CPU
		{6A4A989B-EE86-46A1-B90F-161FF95C6DE8}.Release|Any CPU.ActiveCfg = Release|Any CPU
		{6A4A989B-EE86-46A1-B90F-161FF95C6DE8}.Release|Any CPU.Build.0 = Release|Any CPU
		{906A9ECC-D72D-49CF-9B0C-A8BC90F307FE}.Debug|Any CPU.ActiveCfg = Debug|Any CPU
		{906A9ECC-D72D-49CF-9B0C-A8BC90F307FE}.Debug|Any CPU.Build.0 = Debug|Any CPU
		{906A9ECC-D72D-49CF-9B0C-A8BC90F307FE}.Release|Any CPU.ActiveCfg = Release|Any CPU
		{906A9ECC-D72D-49CF-9B0C-A8BC90F307FE}.Release|Any CPU.Build.0 = Release|Any CPU
		{F51EBBEE-88F8-4B89-A5A9-0D6161771A9F}.Debug|Any CPU.ActiveCfg = Debug|Any CPU
		{F51EBBEE-88F8-4B89-A5A9-0D6161771A9F}.Debug|Any CPU.Build.0 = Debug|Any CPU
		{F51EBBEE-88F8-4B89-A5A9-0D6161771A9F}.Release|Any CPU.ActiveCfg = Release|Any CPU
		{F51EBBEE-88F8-4B89-A5A9-0D6161771A9F}.Release|Any CPU.Build.0 = Release|Any CPU
		{D61E9F03-EFD3-433A-8148-8D1E4A70E606}.Debug|Any CPU.ActiveCfg = Debug|Any CPU
		{D61E9F03-EFD3-433A-8148-8D1E4A70E606}.Debug|Any CPU.Build.0 = Debug|Any CPU
		{D61E9F03-EFD3-433A-8148-8D1E4A70E606}.Release|Any CPU.ActiveCfg = Release|Any CPU
		{D61E9F03-EFD3-433A-8148-8D1E4A70E606}.Release|Any CPU.Build.0 = Release|Any CPU
		{9055317C-259A-4944-A5AC-008AB0BB3C20}.Debug|Any CPU.ActiveCfg = Debug|Any CPU
		{9055317C-259A-4944-A5AC-008AB0BB3C20}.Debug|Any CPU.Build.0 = Debug|Any CPU
		{9055317C-259A-4944-A5AC-008AB0BB3C20}.Release|Any CPU.ActiveCfg = Release|Any CPU
		{9055317C-259A-4944-A5AC-008AB0BB3C20}.Release|Any CPU.Build.0 = Release|Any CPU
		{0CDA8263-01BE-4FD5-B8CD-E141BF1E7BA2}.Debug|Any CPU.ActiveCfg = Debug|Any CPU
		{0CDA8263-01BE-4FD5-B8CD-E141BF1E7BA2}.Debug|Any CPU.Build.0 = Debug|Any CPU
		{0CDA8263-01BE-4FD5-B8CD-E141BF1E7BA2}.Release|Any CPU.ActiveCfg = Release|Any CPU
		{0CDA8263-01BE-4FD5-B8CD-E141BF1E7BA2}.Release|Any CPU.Build.0 = Release|Any CPU
		{FDCD1E69-0DCC-4E63-90E1-08F7FEFD488D}.Debug|Any CPU.ActiveCfg = Debug|Any CPU
		{FDCD1E69-0DCC-4E63-90E1-08F7FEFD488D}.Debug|Any CPU.Build.0 = Debug|Any CPU
		{FDCD1E69-0DCC-4E63-90E1-08F7FEFD488D}.Release|Any CPU.ActiveCfg = Release|Any CPU
		{FDCD1E69-0DCC-4E63-90E1-08F7FEFD488D}.Release|Any CPU.Build.0 = Release|Any CPU
		{17CC14F4-0AF7-4DEA-8A59-A75A105C60BA}.Debug|Any CPU.ActiveCfg = Debug|Any CPU
		{17CC14F4-0AF7-4DEA-8A59-A75A105C60BA}.Debug|Any CPU.Build.0 = Debug|Any CPU
		{17CC14F4-0AF7-4DEA-8A59-A75A105C60BA}.Release|Any CPU.ActiveCfg = Release|Any CPU
		{17CC14F4-0AF7-4DEA-8A59-A75A105C60BA}.Release|Any CPU.Build.0 = Release|Any CPU
		{A5A7FA9C-EB78-4E75-AB08-D8283F416474}.Debug|Any CPU.ActiveCfg = Debug|Any CPU
		{A5A7FA9C-EB78-4E75-AB08-D8283F416474}.Debug|Any CPU.Build.0 = Debug|Any CPU
		{A5A7FA9C-EB78-4E75-AB08-D8283F416474}.Release|Any CPU.ActiveCfg = Release|Any CPU
		{A5A7FA9C-EB78-4E75-AB08-D8283F416474}.Release|Any CPU.Build.0 = Release|Any CPU
		{AA21BC50-ACDA-4D19-A136-201F69FCAF0E}.Debug|Any CPU.ActiveCfg = Debug|Any CPU
		{AA21BC50-ACDA-4D19-A136-201F69FCAF0E}.Debug|Any CPU.Build.0 = Debug|Any CPU
		{AA21BC50-ACDA-4D19-A136-201F69FCAF0E}.Release|Any CPU.ActiveCfg = Release|Any CPU
		{AA21BC50-ACDA-4D19-A136-201F69FCAF0E}.Release|Any CPU.Build.0 = Release|Any CPU
	EndGlobalSection
	GlobalSection(SolutionProperties) = preSolution
		HideSolutionNode = FALSE
	EndGlobalSection
	GlobalSection(NestedProjects) = preSolution
		{98C420AF-0007-4C8C-8ED5-50CD5E4A6851} = {FF31CA5E-9E2F-4245-B25D-0DB02A06D92A}
		{C32A9CCE-6077-4D8E-AB36-091F79438EBA} = {247274D5-9CA5-45D2-8572-25E8481BCE27}
		{FF31CA5E-9E2F-4245-B25D-0DB02A06D92A} = {E3EF6E41-818C-44FA-9888-DEE0EE20340A}
		{3851119E-10E7-4EDC-A569-0AEDF8CA98EC} = {E3EF6E41-818C-44FA-9888-DEE0EE20340A}
		{A0B958F8-9FF6-47E2-9CF2-ACE947B604E0} = {30DD7738-9160-4BBF-BFE4-483AD76AA565}
		{F49DC1D3-3452-4DD6-BA19-A7E81E531B3E} = {860B46E3-19D4-4B4A-8521-9F5DEA0CB654}
		{CFBD56A0-9F5D-4B7D-B10D-179250773857} = {860B46E3-19D4-4B4A-8521-9F5DEA0CB654}
		{C748539A-DF84-482D-A9B5-69F49E261CF4} = {E3EF6E41-818C-44FA-9888-DEE0EE20340A}
		{247274D5-9CA5-45D2-8572-25E8481BCE27} = {E3EF6E41-818C-44FA-9888-DEE0EE20340A}
		{0E3E0544-FCC0-403F-9776-D4E5C61DB159} = {247274D5-9CA5-45D2-8572-25E8481BCE27}
		{07914F09-04E2-4D9E-BCAD-DD8DBD1964B5} = {AC41AEDE-A1EB-4F49-A5B7-A4906D452DB5}
		{9DD2073D-5D2F-4574-BC5C-F25F87F3D226} = {931E9786-7DF0-470B-9EE2-C5C277EE4DB0}
		{943825AB-14F8-47E9-B6F5-BF7B95A8DE3F} = {247274D5-9CA5-45D2-8572-25E8481BCE27}
		{931E9786-7DF0-470B-9EE2-C5C277EE4DB0} = {E3EF6E41-818C-44FA-9888-DEE0EE20340A}
		{C7BAD32F-2E2C-45FD-8C77-74C7694B430E} = {AC41AEDE-A1EB-4F49-A5B7-A4906D452DB5}
		{83BF447F-3676-48D4-8860-AFDDCAE63D59} = {AC41AEDE-A1EB-4F49-A5B7-A4906D452DB5}
		{30DD7738-9160-4BBF-BFE4-483AD76AA565} = {E3EF6E41-818C-44FA-9888-DEE0EE20340A}
		{E57F17F0-9E63-4B59-89BD-93FF2BE82E19} = {30DD7738-9160-4BBF-BFE4-483AD76AA565}
		{C532E637-6762-47CE-9904-3A14968C842D} = {AC41AEDE-A1EB-4F49-A5B7-A4906D452DB5}
		{4E7B4839-B04A-4924-A445-A1133C13D8E1} = {C532E637-6762-47CE-9904-3A14968C842D}
		{EE649B0E-73FF-4303-8370-89DE2E9463FB} = {C532E637-6762-47CE-9904-3A14968C842D}
		{173919C3-E328-4392-AD6F-2BC12A3CBB14} = {AC41AEDE-A1EB-4F49-A5B7-A4906D452DB5}
		{878441E3-0A98-42E1-B7E2-F79E28239B54} = {931E9786-7DF0-470B-9EE2-C5C277EE4DB0}
		{9C508B03-A5CF-4BD8-9685-839BA7A31031} = {62EB2FB7-A6FA-45CD-BF82-6AC51686C04D}
		{E31802CB-9F5B-4F43-8394-E33F6CF23411} = {62EB2FB7-A6FA-45CD-BF82-6AC51686C04D}
		{6A4A989B-EE86-46A1-B90F-161FF95C6DE8} = {62EB2FB7-A6FA-45CD-BF82-6AC51686C04D}
		{62EB2FB7-A6FA-45CD-BF82-6AC51686C04D} = {E3EF6E41-818C-44FA-9888-DEE0EE20340A}
		{906A9ECC-D72D-49CF-9B0C-A8BC90F307FE} = {AC41AEDE-A1EB-4F49-A5B7-A4906D452DB5}
		{F51EBBEE-88F8-4B89-A5A9-0D6161771A9F} = {931E9786-7DF0-470B-9EE2-C5C277EE4DB0}
		{D61E9F03-EFD3-433A-8148-8D1E4A70E606} = {860B46E3-19D4-4B4A-8521-9F5DEA0CB654}
		{9055317C-259A-4944-A5AC-008AB0BB3C20} = {931E9786-7DF0-470B-9EE2-C5C277EE4DB0}
		{0CDA8263-01BE-4FD5-B8CD-E141BF1E7BA2} = {931E9786-7DF0-470B-9EE2-C5C277EE4DB0}
		{FDCD1E69-0DCC-4E63-90E1-08F7FEFD488D} = {3851119E-10E7-4EDC-A569-0AEDF8CA98EC}
		{17CC14F4-0AF7-4DEA-8A59-A75A105C60BA} = {931E9786-7DF0-470B-9EE2-C5C277EE4DB0}
		{A5A7FA9C-EB78-4E75-AB08-D8283F416474} = {860B46E3-19D4-4B4A-8521-9F5DEA0CB654}
		{AA21BC50-ACDA-4D19-A136-201F69FCAF0E} = {860B46E3-19D4-4B4A-8521-9F5DEA0CB654}
	EndGlobalSection
	GlobalSection(ExtensibilityGlobals) = postSolution
		SolutionGuid = {293EAE27-FCD7-486C-8DD9-ECDA14954CCC}
	EndGlobalSection
EndGlobal
