
Microsoft Visual Studio Solution File, Format Version 12.00
# Visual Studio Version 17
VisualStudioVersion = 17.0.31710.8
MinimumVisualStudioVersion = 10.0.40219.1
Project("{2150E333-8FDC-42A3-9474-1A3956D46DE8}") = "Services", "Services", "{AC41AEDE-A1EB-4F49-A5B7-A4906D452DB5}"
EndProject
Project("{2150E333-8FDC-42A3-9474-1A3956D46DE8}") = "Shared", "Shared", "{E3EF6E41-818C-44FA-9888-DEE0EE20340A}"
EndProject
Project("{9A19103F-16F7-4668-BE54-9A1E7A4F7556}") = "Common.Cache.MemoryCache", "src\Shared\Common.Cache.MemoryCache\Common.Cache.MemoryCache.csproj", "{9BD52D24-0C2D-4168-BD8F-E0FEDE4F7666}"
EndProject
Project("{9A19103F-16F7-4668-BE54-9A1E7A4F7556}") = "Common.Cache.Redis", "src\Shared\Common.Cache.Redis\Common.Cache.Redis.csproj", "{1DB0E7D8-40F8-45E7-A597-10FB145310DE}"
EndProject
Project("{9A19103F-16F7-4668-BE54-9A1E7A4F7556}") = "Common.Cache.CSRedis", "src\Shared\Common.Cache.CSRedis\Common.Cache.CSRedis.csproj", "{4208CFBB-7180-4B42-89E4-331F1D53C2F3}"
EndProject
Project("{2150E333-8FDC-42A3-9474-1A3956D46DE8}") = "Test", "Test", "{860B46E3-19D4-4B4A-8521-9F5DEA0CB654}"
EndProject
Project("{2150E333-8FDC-42A3-9474-1A3956D46DE8}") = "Cache", "Cache", "{1CA95869-46FF-4280-8D39-DA91135EFDE4}"
EndProject
Project("{9A19103F-16F7-4668-BE54-9A1E7A4F7556}") = "CacheAPI", "src\Services\CacheAPI\CacheAPI.csproj", "{AA4E81D4-2AA1-447F-822F-73D3FF909559}"
EndProject
Project("{9A19103F-16F7-4668-BE54-9A1E7A4F7556}") = "Azrng.Cache.Core", "src\Shared\Azrng.Cache.Core\Azrng.Cache.Core.csproj", "{B48E2C33-4A57-4DBD-8F31-6AD9F4312384}"
EndProject
Project("{FAE04EC0-301F-11D3-BF4B-00C04F79EFBC}") = "Common.Cache.Redis.Test", "test\Common.Cache.Redis.Test\Common.Cache.Redis.Test.csproj", "{CD9C8DFD-74AA-4A3A-9A8C-60810DC7E47A}"
EndProject
Project("{FAE04EC0-301F-11D3-BF4B-00C04F79EFBC}") = "Azrng.Cache.FreeRedis", "src\Shared\Azrng.Cache.FreeRedis\Azrng.Cache.FreeRedis.csproj", "{B0BF82CD-9710-4CB0-B075-5FC0C203665D}"
EndProject
Project("{FAE04EC0-301F-11D3-BF4B-00C04F79EFBC}") = "Common.Cache.MemoryCache.Test", "test\Common.Cache.MemoryCache.Test\Common.Cache.MemoryCache.Test.csproj", "{CF3F8158-1A9A-41F4-AABD-E0BFC7D51465}"
EndProject
Global
	GlobalSection(SolutionConfigurationPlatforms) = preSolution
		Debug|Any CPU = Debug|Any CPU
		Release|Any CPU = Release|Any CPU
	EndGlobalSection
	GlobalSection(ProjectConfigurationPlatforms) = postSolution
		{9BD52D24-0C2D-4168-BD8F-E0FEDE4F7666}.Debug|Any CPU.ActiveCfg = Debug|Any CPU
		{9BD52D24-0C2D-4168-BD8F-E0FEDE4F7666}.Debug|Any CPU.Build.0 = Debug|Any CPU
		{9BD52D24-0C2D-4168-BD8F-E0FEDE4F7666}.Release|Any CPU.ActiveCfg = Release|Any CPU
		{9BD52D24-0C2D-4168-BD8F-E0FEDE4F7666}.Release|Any CPU.Build.0 = Release|Any CPU
		{1DB0E7D8-40F8-45E7-A597-10FB145310DE}.Debug|Any CPU.ActiveCfg = Debug|Any CPU
		{1DB0E7D8-40F8-45E7-A597-10FB145310DE}.Debug|Any CPU.Build.0 = Debug|Any CPU
		{1DB0E7D8-40F8-45E7-A597-10FB145310DE}.Release|Any CPU.ActiveCfg = Release|Any CPU
		{1DB0E7D8-40F8-45E7-A597-10FB145310DE}.Release|Any CPU.Build.0 = Release|Any CPU
		{4208CFBB-7180-4B42-89E4-331F1D53C2F3}.Debug|Any CPU.ActiveCfg = Debug|Any CPU
		{4208CFBB-7180-4B42-89E4-331F1D53C2F3}.Debug|Any CPU.Build.0 = Debug|Any CPU
		{4208CFBB-7180-4B42-89E4-331F1D53C2F3}.Release|Any CPU.ActiveCfg = Release|Any CPU
		{4208CFBB-7180-4B42-89E4-331F1D53C2F3}.Release|Any CPU.Build.0 = Release|Any CPU
		{AA4E81D4-2AA1-447F-822F-73D3FF909559}.Debug|Any CPU.ActiveCfg = Debug|Any CPU
		{AA4E81D4-2AA1-447F-822F-73D3FF909559}.Debug|Any CPU.Build.0 = Debug|Any CPU
		{AA4E81D4-2AA1-447F-822F-73D3FF909559}.Release|Any CPU.ActiveCfg = Release|Any CPU
		{AA4E81D4-2AA1-447F-822F-73D3FF909559}.Release|Any CPU.Build.0 = Release|Any CPU
		{B48E2C33-4A57-4DBD-8F31-6AD9F4312384}.Debug|Any CPU.ActiveCfg = Debug|Any CPU
		{B48E2C33-4A57-4DBD-8F31-6AD9F4312384}.Debug|Any CPU.Build.0 = Debug|Any CPU
		{B48E2C33-4A57-4DBD-8F31-6AD9F4312384}.Release|Any CPU.ActiveCfg = Release|Any CPU
		{B48E2C33-4A57-4DBD-8F31-6AD9F4312384}.Release|Any CPU.Build.0 = Release|Any CPU
		{CD9C8DFD-74AA-4A3A-9A8C-60810DC7E47A}.Debug|Any CPU.ActiveCfg = Debug|Any CPU
		{CD9C8DFD-74AA-4A3A-9A8C-60810DC7E47A}.Debug|Any CPU.Build.0 = Debug|Any CPU
		{CD9C8DFD-74AA-4A3A-9A8C-60810DC7E47A}.Release|Any CPU.ActiveCfg = Release|Any CPU
		{CD9C8DFD-74AA-4A3A-9A8C-60810DC7E47A}.Release|Any CPU.Build.0 = Release|Any CPU
		{B0BF82CD-9710-4CB0-B075-5FC0C203665D}.Debug|Any CPU.ActiveCfg = Debug|Any CPU
		{B0BF82CD-9710-4CB0-B075-5FC0C203665D}.Debug|Any CPU.Build.0 = Debug|Any CPU
		{B0BF82CD-9710-4CB0-B075-5FC0C203665D}.Release|Any CPU.ActiveCfg = Release|Any CPU
		{B0BF82CD-9710-4CB0-B075-5FC0C203665D}.Release|Any CPU.Build.0 = Release|Any CPU
		{CF3F8158-1A9A-41F4-AABD-E0BFC7D51465}.Debug|Any CPU.ActiveCfg = Debug|Any CPU
		{CF3F8158-1A9A-41F4-AABD-E0BFC7D51465}.Debug|Any CPU.Build.0 = Debug|Any CPU
		{CF3F8158-1A9A-41F4-AABD-E0BFC7D51465}.Release|Any CPU.ActiveCfg = Release|Any CPU
		{CF3F8158-1A9A-41F4-AABD-E0BFC7D51465}.Release|Any CPU.Build.0 = Release|Any CPU
	EndGlobalSection
	GlobalSection(SolutionProperties) = preSolution
		HideSolutionNode = FALSE
	EndGlobalSection
	GlobalSection(NestedProjects) = preSolution
		{9BD52D24-0C2D-4168-BD8F-E0FEDE4F7666} = {1CA95869-46FF-4280-8D39-DA91135EFDE4}
		{1DB0E7D8-40F8-45E7-A597-10FB145310DE} = {1CA95869-46FF-4280-8D39-DA91135EFDE4}
		{4208CFBB-7180-4B42-89E4-331F1D53C2F3} = {1CA95869-46FF-4280-8D39-DA91135EFDE4}
		{1CA95869-46FF-4280-8D39-DA91135EFDE4} = {E3EF6E41-818C-44FA-9888-DEE0EE20340A}
		{AA4E81D4-2AA1-447F-822F-73D3FF909559} = {AC41AEDE-A1EB-4F49-A5B7-A4906D452DB5}
		{B48E2C33-4A57-4DBD-8F31-6AD9F4312384} = {1CA95869-46FF-4280-8D39-DA91135EFDE4}
		{CD9C8DFD-74AA-4A3A-9A8C-60810DC7E47A} = {860B46E3-19D4-4B4A-8521-9F5DEA0CB654}
		{B0BF82CD-9710-4CB0-B075-5FC0C203665D} = {1CA95869-46FF-4280-8D39-DA91135EFDE4}
		{CF3F8158-1A9A-41F4-AABD-E0BFC7D51465} = {860B46E3-19D4-4B4A-8521-9F5DEA0CB654}
	EndGlobalSection
	GlobalSection(ExtensibilityGlobals) = postSolution
		SolutionGuid = {293EAE27-FCD7-486C-8DD9-ECDA14954CCC}
	EndGlobalSection
EndGlobal
