
Microsoft Visual Studio Solution File, Format Version 12.00
# Visual Studio Version 17
VisualStudioVersion = 17.0.31710.8
MinimumVisualStudioVersion = 10.0.40219.1
Project("{2150E333-8FDC-42A3-9474-1A3956D46DE8}") = "Services", "Services", "{AC41AEDE-A1EB-4F49-A5B7-A4906D452DB5}"
EndProject
Project("{2150E333-8FDC-42A3-9474-1A3956D46DE8}") = "Shared", "Shared", "{E3EF6E41-818C-44FA-9888-DEE0EE20340A}"
EndProject
Project("{9A19103F-16F7-4668-BE54-9A1E7A4F7556}") = "Common.EFCore", "src\Shared\Common.EFCore\Common.EFCore.csproj", "{4906DBAB-9113-4A5D-AA18-F94C633A42B0}"
EndProject
Project("{9A19103F-16F7-4668-BE54-9A1E7A4F7556}") = "Common.EFCore.InMemory", "src\Shared\Common.EFCore.InMemory\Common.EFCore.InMemory.csproj", "{C143283E-E058-4B31-93A3-F01AE26DE218}"
EndProject
Project("{9A19103F-16F7-4668-BE54-9A1E7A4F7556}") = "Common.EFCore.MySQL", "src\Shared\Common.EFCore.MySQL\Common.EFCore.MySQL.csproj", "{885EC0F4-AFB8-48AA-A117-E6DB93DEC631}"
EndProject
Project("{9A19103F-16F7-4668-BE54-9A1E7A4F7556}") = "Common.EFCore.SQLServer", "src\Shared\Common.EFCore.SQLServer\Common.EFCore.SQLServer.csproj", "{9DEC09CC-CCBA-4751-852E-A53288450BB3}"
EndProject
Project("{9A19103F-16F7-4668-BE54-9A1E7A4F7556}") = "Common.EFCore.PostgresSQL", "src\Shared\Common.EFCore.PostgresSql\Common.EFCore.PostgresSQL.csproj", "{E230EAE6-DDA4-48CF-8EEC-AD79AC7AF1A5}"
EndProject
Project("{9A19103F-16F7-4668-BE54-9A1E7A4F7556}") = "Common.EFCore.SQLite", "src\Shared\Common.EFCore.SQLite\Common.EFCore.SQLite.csproj", "{9198CD6C-CB26-47AF-AE34-A93FC26D0C19}"
EndProject
Project("{9A19103F-16F7-4668-BE54-9A1E7A4F7556}") = "PostgresSqlSample", "src\Services\PostgresSqlSample\PostgresSqlSample.csproj", "{B2F3DC89-9E28-4D7A-98A4-91C0EFAA975C}"
EndProject
Project("{2150E333-8FDC-42A3-9474-1A3956D46DE8}") = "Db", "Db", "{B7976BA8-E495-4586-AAFE-F558CC8FBF44}"
EndProject
Project("{9A19103F-16F7-4668-BE54-9A1E7A4F7556}") = "Common.Db.Core", "src\Shared\Common.Db.Core\Common.Db.Core.csproj", "{0D55E467-080F-4B3B-A88E-0F62A4B4B3B8}"
EndProject
Project("{2150E333-8FDC-42A3-9474-1A3956D46DE8}") = "Tests", "Tests", "{E65ADB23-209F-4EA6-A0A1-9CC35A1161BF}"
EndProject
Project("{FAE04EC0-301F-11D3-BF4B-00C04F79EFBC}") = "Common.EFCore.PostgreSql.Test", "test\Common.EFCore.PostgreSql.Test\Common.EFCore.PostgreSql.Test.csproj", "{3DA982A9-89E1-4951-AEC5-4C82B16D8401}"
EndProject
Project("{FAE04EC0-301F-11D3-BF4B-00C04F79EFBC}") = "Azrng.EFCore.AutoAudit", "src\Shared\Azrng.EFCore.AutoAudit\Azrng.EFCore.AutoAudit.csproj", "{ADDE699C-DF40-412B-9356-AD910D010C8D}"
EndProject
Project("{FAE04EC0-301F-11D3-BF4B-00C04F79EFBC}") = "Azrng.EFCore.AutoAudit.Test", "test\Azrng.EFCore.AutoAudit.Test\Azrng.EFCore.AutoAudit.Test.csproj", "{C30ECF81-23B7-41E7-8DAC-83882C57E2E8}"
EndProject
Global
	GlobalSection(SolutionConfigurationPlatforms) = preSolution
		Debug|Any CPU = Debug|Any CPU
		Release|Any CPU = Release|Any CPU
	EndGlobalSection
	GlobalSection(ProjectConfigurationPlatforms) = postSolution
		{4906DBAB-9113-4A5D-AA18-F94C633A42B0}.Debug|Any CPU.ActiveCfg = Debug|Any CPU
		{4906DBAB-9113-4A5D-AA18-F94C633A42B0}.Debug|Any CPU.Build.0 = Debug|Any CPU
		{4906DBAB-9113-4A5D-AA18-F94C633A42B0}.Release|Any CPU.ActiveCfg = Release|Any CPU
		{4906DBAB-9113-4A5D-AA18-F94C633A42B0}.Release|Any CPU.Build.0 = Release|Any CPU
		{C143283E-E058-4B31-93A3-F01AE26DE218}.Debug|Any CPU.ActiveCfg = Debug|Any CPU
		{C143283E-E058-4B31-93A3-F01AE26DE218}.Debug|Any CPU.Build.0 = Debug|Any CPU
		{C143283E-E058-4B31-93A3-F01AE26DE218}.Release|Any CPU.ActiveCfg = Release|Any CPU
		{C143283E-E058-4B31-93A3-F01AE26DE218}.Release|Any CPU.Build.0 = Release|Any CPU
		{885EC0F4-AFB8-48AA-A117-E6DB93DEC631}.Debug|Any CPU.ActiveCfg = Debug|Any CPU
		{885EC0F4-AFB8-48AA-A117-E6DB93DEC631}.Debug|Any CPU.Build.0 = Debug|Any CPU
		{885EC0F4-AFB8-48AA-A117-E6DB93DEC631}.Release|Any CPU.ActiveCfg = Release|Any CPU
		{885EC0F4-AFB8-48AA-A117-E6DB93DEC631}.Release|Any CPU.Build.0 = Release|Any CPU
		{9DEC09CC-CCBA-4751-852E-A53288450BB3}.Debug|Any CPU.ActiveCfg = Debug|Any CPU
		{9DEC09CC-CCBA-4751-852E-A53288450BB3}.Debug|Any CPU.Build.0 = Debug|Any CPU
		{9DEC09CC-CCBA-4751-852E-A53288450BB3}.Release|Any CPU.ActiveCfg = Release|Any CPU
		{9DEC09CC-CCBA-4751-852E-A53288450BB3}.Release|Any CPU.Build.0 = Release|Any CPU
		{E230EAE6-DDA4-48CF-8EEC-AD79AC7AF1A5}.Debug|Any CPU.ActiveCfg = Debug|Any CPU
		{E230EAE6-DDA4-48CF-8EEC-AD79AC7AF1A5}.Debug|Any CPU.Build.0 = Debug|Any CPU
		{E230EAE6-DDA4-48CF-8EEC-AD79AC7AF1A5}.Release|Any CPU.ActiveCfg = Release|Any CPU
		{E230EAE6-DDA4-48CF-8EEC-AD79AC7AF1A5}.Release|Any CPU.Build.0 = Release|Any CPU
		{9198CD6C-CB26-47AF-AE34-A93FC26D0C19}.Debug|Any CPU.ActiveCfg = Debug|Any CPU
		{9198CD6C-CB26-47AF-AE34-A93FC26D0C19}.Debug|Any CPU.Build.0 = Debug|Any CPU
		{9198CD6C-CB26-47AF-AE34-A93FC26D0C19}.Release|Any CPU.ActiveCfg = Release|Any CPU
		{9198CD6C-CB26-47AF-AE34-A93FC26D0C19}.Release|Any CPU.Build.0 = Release|Any CPU
		{B2F3DC89-9E28-4D7A-98A4-91C0EFAA975C}.Debug|Any CPU.ActiveCfg = Debug|Any CPU
		{B2F3DC89-9E28-4D7A-98A4-91C0EFAA975C}.Debug|Any CPU.Build.0 = Debug|Any CPU
		{B2F3DC89-9E28-4D7A-98A4-91C0EFAA975C}.Release|Any CPU.ActiveCfg = Release|Any CPU
		{B2F3DC89-9E28-4D7A-98A4-91C0EFAA975C}.Release|Any CPU.Build.0 = Release|Any CPU
		{0D55E467-080F-4B3B-A88E-0F62A4B4B3B8}.Debug|Any CPU.ActiveCfg = Debug|Any CPU
		{0D55E467-080F-4B3B-A88E-0F62A4B4B3B8}.Debug|Any CPU.Build.0 = Debug|Any CPU
		{0D55E467-080F-4B3B-A88E-0F62A4B4B3B8}.Release|Any CPU.ActiveCfg = Release|Any CPU
		{0D55E467-080F-4B3B-A88E-0F62A4B4B3B8}.Release|Any CPU.Build.0 = Release|Any CPU
		{3DA982A9-89E1-4951-AEC5-4C82B16D8401}.Debug|Any CPU.ActiveCfg = Debug|Any CPU
		{3DA982A9-89E1-4951-AEC5-4C82B16D8401}.Debug|Any CPU.Build.0 = Debug|Any CPU
		{3DA982A9-89E1-4951-AEC5-4C82B16D8401}.Release|Any CPU.ActiveCfg = Release|Any CPU
		{3DA982A9-89E1-4951-AEC5-4C82B16D8401}.Release|Any CPU.Build.0 = Release|Any CPU
		{ADDE699C-DF40-412B-9356-AD910D010C8D}.Debug|Any CPU.ActiveCfg = Debug|Any CPU
		{ADDE699C-DF40-412B-9356-AD910D010C8D}.Debug|Any CPU.Build.0 = Debug|Any CPU
		{ADDE699C-DF40-412B-9356-AD910D010C8D}.Release|Any CPU.ActiveCfg = Release|Any CPU
		{ADDE699C-DF40-412B-9356-AD910D010C8D}.Release|Any CPU.Build.0 = Release|Any CPU
		{C30ECF81-23B7-41E7-8DAC-83882C57E2E8}.Debug|Any CPU.ActiveCfg = Debug|Any CPU
		{C30ECF81-23B7-41E7-8DAC-83882C57E2E8}.Debug|Any CPU.Build.0 = Debug|Any CPU
		{C30ECF81-23B7-41E7-8DAC-83882C57E2E8}.Release|Any CPU.ActiveCfg = Release|Any CPU
		{C30ECF81-23B7-41E7-8DAC-83882C57E2E8}.Release|Any CPU.Build.0 = Release|Any CPU
	EndGlobalSection
	GlobalSection(SolutionProperties) = preSolution
		HideSolutionNode = FALSE
	EndGlobalSection
	GlobalSection(NestedProjects) = preSolution
		{4906DBAB-9113-4A5D-AA18-F94C633A42B0} = {B7976BA8-E495-4586-AAFE-F558CC8FBF44}
		{C143283E-E058-4B31-93A3-F01AE26DE218} = {B7976BA8-E495-4586-AAFE-F558CC8FBF44}
		{885EC0F4-AFB8-48AA-A117-E6DB93DEC631} = {B7976BA8-E495-4586-AAFE-F558CC8FBF44}
		{9DEC09CC-CCBA-4751-852E-A53288450BB3} = {B7976BA8-E495-4586-AAFE-F558CC8FBF44}
		{E230EAE6-DDA4-48CF-8EEC-AD79AC7AF1A5} = {B7976BA8-E495-4586-AAFE-F558CC8FBF44}
		{9198CD6C-CB26-47AF-AE34-A93FC26D0C19} = {B7976BA8-E495-4586-AAFE-F558CC8FBF44}
		{B2F3DC89-9E28-4D7A-98A4-91C0EFAA975C} = {AC41AEDE-A1EB-4F49-A5B7-A4906D452DB5}
		{B7976BA8-E495-4586-AAFE-F558CC8FBF44} = {E3EF6E41-818C-44FA-9888-DEE0EE20340A}
		{0D55E467-080F-4B3B-A88E-0F62A4B4B3B8} = {B7976BA8-E495-4586-AAFE-F558CC8FBF44}
		{3DA982A9-89E1-4951-AEC5-4C82B16D8401} = {E65ADB23-209F-4EA6-A0A1-9CC35A1161BF}
		{ADDE699C-DF40-412B-9356-AD910D010C8D} = {B7976BA8-E495-4586-AAFE-F558CC8FBF44}
		{C30ECF81-23B7-41E7-8DAC-83882C57E2E8} = {E65ADB23-209F-4EA6-A0A1-9CC35A1161BF}
	EndGlobalSection
	GlobalSection(ExtensibilityGlobals) = postSolution
		SolutionGuid = {293EAE27-FCD7-486C-8DD9-ECDA14954CCC}
	EndGlobalSection
EndGlobal
