
Microsoft Visual Studio Solution File, Format Version 12.00
# Visual Studio Version 17
VisualStudioVersion = 17.0.31903.59
MinimumVisualStudioVersion = 10.0.40219.1
Project("{2150E333-8FDC-42A3-9474-1A3956D46DE8}") = "Shared", "Shared", "{B5D11AEA-CFA7-4B1C-8142-740DA02B0AD1}"
EndProject
Project("{2150E333-8FDC-42A3-9474-1A3956D46DE8}") = "Solution Items", "Solution Items", "{644121DD-4DD3-41E9-BAB5-998168B02ADB}"
	ProjectSection(SolutionItems) = preProject
		README.md = README.md
		.github\workflows\nuget-publish.yml = .github\workflows\nuget-publish.yml
	EndProjectSection
EndProject
Project("{2150E333-8FDC-42A3-9474-1A3956D46DE8}") = "test", "test", "{58D3BE17-3DAA-45A7-AFE4-7A422579EC12}"
EndProject
Project("{FAE04EC0-301F-11D3-BF4B-00C04F79EFBC}") = "StudyUse", "src\Shared\StudyUse\StudyUse.csproj", "{59BA9024-B6E3-40EC-AF3B-145E51B27E17}"
EndProject
Project("{FAE04EC0-301F-11D3-BF4B-00C04F79EFBC}") = "Azrng.Core", "src\Shared\Azrng.Core\Azrng.Core.csproj", "{4941EEA1-FB83-469C-9C31-8EA9A636B36D}"
EndProject
Project("{FAE04EC0-301F-11D3-BF4B-00C04F79EFBC}") = "Common.Core.Test", "test\Common.Core.Test\Common.Core.Test.csproj", "{187DD78A-FC3F-4650-A309-B1027482E140}"
EndProject
Project("{2150E333-8FDC-42A3-9474-1A3956D46DE8}") = "Helper", "Helper", "{AFC41A97-AB59-4C4D-A92C-D7412EE130D3}"
EndProject
Project("{2150E333-8FDC-42A3-9474-1A3956D46DE8}") = "Helper", "Helper", "{CE6956E6-6207-4DE2-9C84-CA6A1E2D515C}"
EndProject
Project("{2150E333-8FDC-42A3-9474-1A3956D46DE8}") = "AspNetCore", "AspNetCore", "{A518622A-330D-4313-B922-9C3021DCD49D}"
EndProject
Project("{FAE04EC0-301F-11D3-BF4B-00C04F79EFBC}") = "Azrng.AspNetCore.Core", "src\Shared\Azrng.AspNetCore.Core\Azrng.AspNetCore.Core.csproj", "{EADB99E5-686B-4606-9716-C0AF1E9EF84F}"
EndProject
Project("{FAE04EC0-301F-11D3-BF4B-00C04F79EFBC}") = "Azrng.AspNetCore.Inject", "src\Shared\Azrng.AspNetCore.Inject\Azrng.AspNetCore.Inject.csproj", "{77F9BB60-4A98-4B06-A5FA-D5D90F579DBA}"
EndProject
Project("{FAE04EC0-301F-11D3-BF4B-00C04F79EFBC}") = "Azrng.ConsoleApp.DependencyInjection", "src\Shared\Azrng.ConsoleApp.DependencyInjection\Azrng.ConsoleApp.DependencyInjection.csproj", "{A6B7EFD7-103E-432D-BBB0-2F6ACC60B402}"
EndProject
Project("{FAE04EC0-301F-11D3-BF4B-00C04F79EFBC}") = "Azrng.Core.Json", "src\Shared\Azrng.Core.Json\Azrng.Core.Json.csproj", "{1F6365F6-95D3-4B4E-AC69-D67D173D8368}"
EndProject
Project("{FAE04EC0-301F-11D3-BF4B-00C04F79EFBC}") = "Azrng.Core.NewtonsoftJson", "src\Shared\Azrng.Core.NewtonsoftJson\Azrng.Core.NewtonsoftJson.csproj", "{FCE1225E-D4A3-4405-A859-2F1808DDE49A}"
EndProject
Project("{FAE04EC0-301F-11D3-BF4B-00C04F79EFBC}") = "Azrng.Swashbuckle", "src\Shared\Azrng.Swashbuckle\Azrng.Swashbuckle.csproj", "{E14B2EAF-2353-42FC-9D72-31EC5E0D6877}"
EndProject
Global
	GlobalSection(SolutionConfigurationPlatforms) = preSolution
		Debug|Any CPU = Debug|Any CPU
		Release|Any CPU = Release|Any CPU
	EndGlobalSection
	GlobalSection(SolutionProperties) = preSolution
		HideSolutionNode = FALSE
	EndGlobalSection
	GlobalSection(NestedProjects) = preSolution
		{59BA9024-B6E3-40EC-AF3B-145E51B27E17} = {B5D11AEA-CFA7-4B1C-8142-740DA02B0AD1}
		{AFC41A97-AB59-4C4D-A92C-D7412EE130D3} = {B5D11AEA-CFA7-4B1C-8142-740DA02B0AD1}
		{4941EEA1-FB83-469C-9C31-8EA9A636B36D} = {AFC41A97-AB59-4C4D-A92C-D7412EE130D3}
		{CE6956E6-6207-4DE2-9C84-CA6A1E2D515C} = {58D3BE17-3DAA-45A7-AFE4-7A422579EC12}
		{187DD78A-FC3F-4650-A309-B1027482E140} = {CE6956E6-6207-4DE2-9C84-CA6A1E2D515C}
		{A518622A-330D-4313-B922-9C3021DCD49D} = {B5D11AEA-CFA7-4B1C-8142-740DA02B0AD1}
		{EADB99E5-686B-4606-9716-C0AF1E9EF84F} = {A518622A-330D-4313-B922-9C3021DCD49D}
		{77F9BB60-4A98-4B06-A5FA-D5D90F579DBA} = {A518622A-330D-4313-B922-9C3021DCD49D}
		{A6B7EFD7-103E-432D-BBB0-2F6ACC60B402} = {A518622A-330D-4313-B922-9C3021DCD49D}
		{1F6365F6-95D3-4B4E-AC69-D67D173D8368} = {A518622A-330D-4313-B922-9C3021DCD49D}
		{FCE1225E-D4A3-4405-A859-2F1808DDE49A} = {A518622A-330D-4313-B922-9C3021DCD49D}
		{E14B2EAF-2353-42FC-9D72-31EC5E0D6877} = {A518622A-330D-4313-B922-9C3021DCD49D}
	EndGlobalSection
	GlobalSection(ProjectConfigurationPlatforms) = postSolution
		{59BA9024-B6E3-40EC-AF3B-145E51B27E17}.Debug|Any CPU.ActiveCfg = Debug|Any CPU
		{59BA9024-B6E3-40EC-AF3B-145E51B27E17}.Debug|Any CPU.Build.0 = Debug|Any CPU
		{59BA9024-B6E3-40EC-AF3B-145E51B27E17}.Release|Any CPU.ActiveCfg = Release|Any CPU
		{59BA9024-B6E3-40EC-AF3B-145E51B27E17}.Release|Any CPU.Build.0 = Release|Any CPU
		{4941EEA1-FB83-469C-9C31-8EA9A636B36D}.Debug|Any CPU.ActiveCfg = Debug|Any CPU
		{4941EEA1-FB83-469C-9C31-8EA9A636B36D}.Debug|Any CPU.Build.0 = Debug|Any CPU
		{4941EEA1-FB83-469C-9C31-8EA9A636B36D}.Release|Any CPU.ActiveCfg = Release|Any CPU
		{4941EEA1-FB83-469C-9C31-8EA9A636B36D}.Release|Any CPU.Build.0 = Release|Any CPU
		{187DD78A-FC3F-4650-A309-B1027482E140}.Debug|Any CPU.ActiveCfg = Debug|Any CPU
		{187DD78A-FC3F-4650-A309-B1027482E140}.Debug|Any CPU.Build.0 = Debug|Any CPU
		{187DD78A-FC3F-4650-A309-B1027482E140}.Release|Any CPU.ActiveCfg = Release|Any CPU
		{187DD78A-FC3F-4650-A309-B1027482E140}.Release|Any CPU.Build.0 = Release|Any CPU
		{EADB99E5-686B-4606-9716-C0AF1E9EF84F}.Debug|Any CPU.ActiveCfg = Debug|Any CPU
		{EADB99E5-686B-4606-9716-C0AF1E9EF84F}.Debug|Any CPU.Build.0 = Debug|Any CPU
		{EADB99E5-686B-4606-9716-C0AF1E9EF84F}.Release|Any CPU.ActiveCfg = Release|Any CPU
		{EADB99E5-686B-4606-9716-C0AF1E9EF84F}.Release|Any CPU.Build.0 = Release|Any CPU
		{77F9BB60-4A98-4B06-A5FA-D5D90F579DBA}.Debug|Any CPU.ActiveCfg = Debug|Any CPU
		{77F9BB60-4A98-4B06-A5FA-D5D90F579DBA}.Debug|Any CPU.Build.0 = Debug|Any CPU
		{77F9BB60-4A98-4B06-A5FA-D5D90F579DBA}.Release|Any CPU.ActiveCfg = Release|Any CPU
		{77F9BB60-4A98-4B06-A5FA-D5D90F579DBA}.Release|Any CPU.Build.0 = Release|Any CPU
		{A6B7EFD7-103E-432D-BBB0-2F6ACC60B402}.Debug|Any CPU.ActiveCfg = Debug|Any CPU
		{A6B7EFD7-103E-432D-BBB0-2F6ACC60B402}.Debug|Any CPU.Build.0 = Debug|Any CPU
		{A6B7EFD7-103E-432D-BBB0-2F6ACC60B402}.Release|Any CPU.ActiveCfg = Release|Any CPU
		{A6B7EFD7-103E-432D-BBB0-2F6ACC60B402}.Release|Any CPU.Build.0 = Release|Any CPU
		{1F6365F6-95D3-4B4E-AC69-D67D173D8368}.Debug|Any CPU.ActiveCfg = Debug|Any CPU
		{1F6365F6-95D3-4B4E-AC69-D67D173D8368}.Debug|Any CPU.Build.0 = Debug|Any CPU
		{1F6365F6-95D3-4B4E-AC69-D67D173D8368}.Release|Any CPU.ActiveCfg = Release|Any CPU
		{1F6365F6-95D3-4B4E-AC69-D67D173D8368}.Release|Any CPU.Build.0 = Release|Any CPU
		{FCE1225E-D4A3-4405-A859-2F1808DDE49A}.Debug|Any CPU.ActiveCfg = Debug|Any CPU
		{FCE1225E-D4A3-4405-A859-2F1808DDE49A}.Debug|Any CPU.Build.0 = Debug|Any CPU
		{FCE1225E-D4A3-4405-A859-2F1808DDE49A}.Release|Any CPU.ActiveCfg = Release|Any CPU
		{FCE1225E-D4A3-4405-A859-2F1808DDE49A}.Release|Any CPU.Build.0 = Release|Any CPU
		{E14B2EAF-2353-42FC-9D72-31EC5E0D6877}.Debug|Any CPU.ActiveCfg = Debug|Any CPU
		{E14B2EAF-2353-42FC-9D72-31EC5E0D6877}.Debug|Any CPU.Build.0 = Debug|Any CPU
		{E14B2EAF-2353-42FC-9D72-31EC5E0D6877}.Release|Any CPU.ActiveCfg = Release|Any CPU
		{E14B2EAF-2353-42FC-9D72-31EC5E0D6877}.Release|Any CPU.Build.0 = Release|Any CPU
	EndGlobalSection
EndGlobal
